
Microsoft Visual Studio Solution File, Format Version 12.00
# Visual Studio 15
VisualStudioVersion = 15.0.27004.2009
MinimumVisualStudioVersion = 10.0.40219.1
Project("{FAE04EC0-301F-11D3-BF4B-00C04F79EFBC}") = "Server", "Server\Server.csproj", "{417CE9C7-AF5C-4DAC-8AC4-38E1BCFED9AE}"
EndProject
Project("{FAE04EC0-301F-11D3-BF4B-00C04F79EFBC}") = "Interface", "Interface\Interface.csproj", "{898A00A1-0D89-4DFF-9D73-DC2401686C3D}"
EndProject
Project("{FAE04EC0-301F-11D3-BF4B-00C04F79EFBC}") = "WPFClient", "WPFClient\WPFClient.csproj", "{2EBBDC4D-6EA2-4E7B-B74A-A4532E4BD7A9}"
	ProjectSection(ProjectDependencies) = postProject
		{417CE9C7-AF5C-4DAC-8AC4-38E1BCFED9AE} = {417CE9C7-AF5C-4DAC-8AC4-38E1BCFED9AE}
	EndProjectSection
EndProject
Global
	GlobalSection(SolutionConfigurationPlatforms) = preSolution
		Debug|Any CPU = Debug|Any CPU
		Release|Any CPU = Release|Any CPU
	EndGlobalSection
	GlobalSection(ProjectConfigurationPlatforms) = postSolution
		{417CE9C7-AF5C-4DAC-8AC4-38E1BCFED9AE}.Debug|Any CPU.ActiveCfg = Debug|Any CPU
		{417CE9C7-AF5C-4DAC-8AC4-38E1BCFED9AE}.Debug|Any CPU.Build.0 = Debug|Any CPU
		{417CE9C7-AF5C-4DAC-8AC4-38E1BCFED9AE}.Release|Any CPU.ActiveCfg = Release|Any CPU
		{417CE9C7-AF5C-4DAC-8AC4-38E1BCFED9AE}.Release|Any CPU.Build.0 = Release|Any CPU
		{898A00A1-0D89-4DFF-9D73-DC2401686C3D}.Debug|Any CPU.ActiveCfg = Debug|Any CPU
		{898A00A1-0D89-4DFF-9D73-DC2401686C3D}.Debug|Any CPU.Build.0 = Debug|Any CPU
		{898A00A1-0D89-4DFF-9D73-DC2401686C3D}.Release|Any CPU.ActiveCfg = Release|Any CPU
		{898A00A1-0D89-4DFF-9D73-DC2401686C3D}.Release|Any CPU.Build.0 = Release|Any CPU
		{2EBBDC4D-6EA2-4E7B-B74A-A4532E4BD7A9}.Debug|Any CPU.ActiveCfg = Debug|Any CPU
		{2EBBDC4D-6EA2-4E7B-B74A-A4532E4BD7A9}.Debug|Any CPU.Build.0 = Debug|Any CPU
		{2EBBDC4D-6EA2-4E7B-B74A-A4532E4BD7A9}.Release|Any CPU.ActiveCfg = Release|Any CPU
		{2EBBDC4D-6EA2-4E7B-B74A-A4532E4BD7A9}.Release|Any CPU.Build.0 = Release|Any CPU
	EndGlobalSection
	GlobalSection(SolutionProperties) = preSolution
		HideSolutionNode = FALSE
	EndGlobalSection
	GlobalSection(ExtensibilityGlobals) = postSolution
		SolutionGuid = {25DB636B-FE77-4E93-976D-5BB2157F4443}
	EndGlobalSection
EndGlobal
